
Microsoft Visual Studio Solution File, Format Version 12.00
# Visual Studio Version 16
VisualStudioVersion = 16.0.30611.23
MinimumVisualStudioVersion = 10.0.40219.1
Project("{FAE04EC0-301F-11D3-BF4B-00C04F79EFBC}") = "김주엽-실습-10-01", "김주엽-실습-10-01\김주엽-실습-10-01.csproj", "{01427CCD-6A2F-4343-9EBE-C12F7E12D1A6}"
EndProject
Project("{FAE04EC0-301F-11D3-BF4B-00C04F79EFBC}") = "김주엽-실습-10-02", "김주엽-실습-10-02\김주엽-실습-10-02.csproj", "{E6365AF5-4B2E-4906-BE3C-8CD9E0B5F520}"
EndProject
Global
	GlobalSection(SolutionConfigurationPlatforms) = preSolution
		Debug|Any CPU = Debug|Any CPU
		Release|Any CPU = Release|Any CPU
	EndGlobalSection
	GlobalSection(ProjectConfigurationPlatforms) = postSolution
		{01427CCD-6A2F-4343-9EBE-C12F7E12D1A6}.Debug|Any CPU.ActiveCfg = Debug|Any CPU
		{01427CCD-6A2F-4343-9EBE-C12F7E12D1A6}.Debug|Any CPU.Build.0 = Debug|Any CPU
		{01427CCD-6A2F-4343-9EBE-C12F7E12D1A6}.Release|Any CPU.ActiveCfg = Release|Any CPU
		{01427CCD-6A2F-4343-9EBE-C12F7E12D1A6}.Release|Any CPU.Build.0 = Release|Any CPU
		{E6365AF5-4B2E-4906-BE3C-8CD9E0B5F520}.Debug|Any CPU.ActiveCfg = Debug|Any CPU
		{E6365AF5-4B2E-4906-BE3C-8CD9E0B5F520}.Debug|Any CPU.Build.0 = Debug|Any CPU
		{E6365AF5-4B2E-4906-BE3C-8CD9E0B5F520}.Release|Any CPU.ActiveCfg = Release|Any CPU
		{E6365AF5-4B2E-4906-BE3C-8CD9E0B5F520}.Release|Any CPU.Build.0 = Release|Any CPU
	EndGlobalSection
	GlobalSection(SolutionProperties) = preSolution
		HideSolutionNode = FALSE
	EndGlobalSection
	GlobalSection(ExtensibilityGlobals) = postSolution
		SolutionGuid = {52EB01A1-838F-4DD1-A231-A8B214BF23A2}
	EndGlobalSection
EndGlobal
