
Microsoft Visual Studio Solution File, Format Version 12.00
# Visual Studio 15
VisualStudioVersion = 15.0.28307.1000
MinimumVisualStudioVersion = 10.0.40219.1
Project("{FAE04EC0-301F-11D3-BF4B-00C04F79EFBC}") = "김주엽19017029-과제01", "김주엽19017029-과제01\김주엽19017029-과제01.csproj", "{8F4AC732-3769-409A-A035-ACF27154F4C9}"
EndProject
Project("{FAE04EC0-301F-11D3-BF4B-00C04F79EFBC}") = "김주엽19017029-과제02", "김주엽19017029-과제02\김주엽19017029-과제02.csproj", "{15DF6CB7-78DE-4C02-B12B-49C41C489488}"
EndProject
Project("{FAE04EC0-301F-11D3-BF4B-00C04F79EFBC}") = "김주엽19017029-과제03", "김주엽19017029-과제03\김주엽19017029-과제03.csproj", "{1D134A1A-F702-4B1D-B1B2-AB214ED94B61}"
EndProject
Project("{FAE04EC0-301F-11D3-BF4B-00C04F79EFBC}") = "김주엽-과제-04-01", "김주엽-과제-04-01\김주엽-과제-04-01.csproj", "{EC259D1E-63CD-42A9-9CB1-EDF11928D2B6}"
EndProject
Project("{FAE04EC0-301F-11D3-BF4B-00C04F79EFBC}") = "김주엽-과제-05-01", "김주엽-과제-05-01\김주엽-과제-05-01.csproj", "{B17135EB-3889-46F9-9498-E9FF4BBDF513}"
EndProject
Project("{FAE04EC0-301F-11D3-BF4B-00C04F79EFBC}") = "김주엽-과제-06-01", "김주엽-과제-06-01\김주엽-과제-06-01.csproj", "{8FD28E4A-A6AD-431E-9504-CF6CD950D74F}"
EndProject
Project("{FAE04EC0-301F-11D3-BF4B-00C04F79EFBC}") = "김주엽-과제-07-01", "김주엽-과제-07-01\김주엽-과제-07-01.csproj", "{5865EC63-1BBE-492D-9561-DF0B5FD2A695}"
EndProject
Project("{FAE04EC0-301F-11D3-BF4B-00C04F79EFBC}") = "김주엽-과제-08-01", "김주엽-과제-08-01\김주엽-과제-08-01.csproj", "{797F7F67-09BA-46BA-AEF3-AD26E1B56594}"
EndProject
Project("{FAE04EC0-301F-11D3-BF4B-00C04F79EFBC}") = "MidTestPrac", "MidTestPrac\MidTestPrac.csproj", "{85EF2284-4F04-44BC-BB7F-3FCAEC72C184}"
EndProject
Project("{FAE04EC0-301F-11D3-BF4B-00C04F79EFBC}") = "김주엽-과제-09-01", "김주엽-과제-09-01\김주엽-과제-09-01.csproj", "{81A8C785-59BF-4F1E-9CF2-C66C6A203AF1}"
EndProject
Project("{FAE04EC0-301F-11D3-BF4B-00C04F79EFBC}") = "김주엽-과제-10-01", "김주엽-과제-10-01\김주엽-과제-10-01.csproj", "{F6C3772C-943D-4C14-AE03-FCAD13955A81}"
EndProject
Project("{FAE04EC0-301F-11D3-BF4B-00C04F79EFBC}") = "김주엽-과제-11-01", "김주엽-과제-11-01\김주엽-과제-11-01.csproj", "{5B9E0F76-1446-4D06-8193-FDBFBE8C2D61}"
EndProject
Project("{FAE04EC0-301F-11D3-BF4B-00C04F79EFBC}") = "김주엽-과제-12-01", "김주엽-과제-12-01\김주엽-과제-12-01.csproj", "{20544CA5-AF7C-4C35-9DB5-5DA50D4FE525}"
EndProject
Project("{FAE04EC0-301F-11D3-BF4B-00C04F79EFBC}") = "김주엽-실습-12-01", "김주엽-실습-12-01\김주엽-실습-12-01.csproj", "{7A4B4FBD-6D1B-4E5D-82E8-741C7130DA16}"
EndProject
Project("{FAE04EC0-301F-11D3-BF4B-00C04F79EFBC}") = "김주엽-실습-12-02", "김주엽-실습-12-02\김주엽-실습-12-02.csproj", "{7E86F2C4-EF0B-452D-93BF-D62CE4A16D80}"
EndProject
Project("{FAE04EC0-301F-11D3-BF4B-00C04F79EFBC}") = "김주엽-과제-13-01", "김주엽-과제-13-01\김주엽-과제-13-01.csproj", "{1C8D1682-1576-4DD4-AA60-FDE6E542150B}"
EndProject
Project("{FAE04EC0-301F-11D3-BF4B-00C04F79EFBC}") = "김주엽-실습-10-01", "김주엽-실습-10-01\김주엽-실습-10-01\김주엽-실습-10-01.csproj", "{01427CCD-6A2F-4343-9EBE-C12F7E12D1A6}"
EndProject
Project("{FAE04EC0-301F-11D3-BF4B-00C04F79EFBC}") = "김주엽-실습-13-01", "김주엽-실습-13-01\김주엽-실습-13-01.csproj", "{CAD3A77C-7106-41A9-818B-2B07B0F1D672}"
EndProject
Project("{FAE04EC0-301F-11D3-BF4B-00C04F79EFBC}") = "김주엽-실습-13-02", "김주엽-실습-13-02\김주엽-실습-13-02.csproj", "{4D28CF81-CE97-4F1F-BC4F-C4D3E7A1FD88}"
EndProject
Project("{FAE04EC0-301F-11D3-BF4B-00C04F79EFBC}") = "김주엽-실습-14-02-server", "김주엽-실습-14-02-server\김주엽-실습-14-02-server.csproj", "{F6661169-3F1C-484E-9413-981DA70B8F4F}"
EndProject
Project("{FAE04EC0-301F-11D3-BF4B-00C04F79EFBC}") = "김주엽-실습-14-02-client", "김주엽-실습-14-02-client\김주엽-실습-14-02-client.csproj", "{8FE11484-29A5-46B9-929D-8E08C4548CE7}"
EndProject
Project("{FAE04EC0-301F-11D3-BF4B-00C04F79EFBC}") = "김주엽-과제-14-01", "김주엽-과제-14-01\김주엽-과제-14-01.csproj", "{4D9C89A5-D13D-4F68-B3E7-8E1532E1C98E}"
EndProject
Project("{FAE04EC0-301F-11D3-BF4B-00C04F79EFBC}") = "김주엽-과제-14-01-Client", "김주엽-과제-14-01-Client\김주엽-과제-14-01-Client.csproj", "{FA244A75-8E2A-4850-8E5A-40EE93FD6E11}"
EndProject
Project("{FAE04EC0-301F-11D3-BF4B-00C04F79EFBC}") = "FinalTestPrac", "FinalTestPrac\FinalTestPrac.csproj", "{7358AB19-0ED4-49C5-92F9-4DB070B92426}"
EndProject
Global
	GlobalSection(SolutionConfigurationPlatforms) = preSolution
		Debug|Any CPU = Debug|Any CPU
		Release|Any CPU = Release|Any CPU
	EndGlobalSection
	GlobalSection(ProjectConfigurationPlatforms) = postSolution
		{8F4AC732-3769-409A-A035-ACF27154F4C9}.Debug|Any CPU.ActiveCfg = Debug|Any CPU
		{8F4AC732-3769-409A-A035-ACF27154F4C9}.Debug|Any CPU.Build.0 = Debug|Any CPU
		{8F4AC732-3769-409A-A035-ACF27154F4C9}.Release|Any CPU.ActiveCfg = Release|Any CPU
		{8F4AC732-3769-409A-A035-ACF27154F4C9}.Release|Any CPU.Build.0 = Release|Any CPU
		{15DF6CB7-78DE-4C02-B12B-49C41C489488}.Debug|Any CPU.ActiveCfg = Debug|Any CPU
		{15DF6CB7-78DE-4C02-B12B-49C41C489488}.Debug|Any CPU.Build.0 = Debug|Any CPU
		{15DF6CB7-78DE-4C02-B12B-49C41C489488}.Release|Any CPU.ActiveCfg = Release|Any CPU
		{15DF6CB7-78DE-4C02-B12B-49C41C489488}.Release|Any CPU.Build.0 = Release|Any CPU
		{1D134A1A-F702-4B1D-B1B2-AB214ED94B61}.Debug|Any CPU.ActiveCfg = Debug|Any CPU
		{1D134A1A-F702-4B1D-B1B2-AB214ED94B61}.Debug|Any CPU.Build.0 = Debug|Any CPU
		{1D134A1A-F702-4B1D-B1B2-AB214ED94B61}.Release|Any CPU.ActiveCfg = Release|Any CPU
		{1D134A1A-F702-4B1D-B1B2-AB214ED94B61}.Release|Any CPU.Build.0 = Release|Any CPU
		{EC259D1E-63CD-42A9-9CB1-EDF11928D2B6}.Debug|Any CPU.ActiveCfg = Debug|Any CPU
		{EC259D1E-63CD-42A9-9CB1-EDF11928D2B6}.Debug|Any CPU.Build.0 = Debug|Any CPU
		{EC259D1E-63CD-42A9-9CB1-EDF11928D2B6}.Release|Any CPU.ActiveCfg = Release|Any CPU
		{EC259D1E-63CD-42A9-9CB1-EDF11928D2B6}.Release|Any CPU.Build.0 = Release|Any CPU
		{B17135EB-3889-46F9-9498-E9FF4BBDF513}.Debug|Any CPU.ActiveCfg = Debug|Any CPU
		{B17135EB-3889-46F9-9498-E9FF4BBDF513}.Debug|Any CPU.Build.0 = Debug|Any CPU
		{B17135EB-3889-46F9-9498-E9FF4BBDF513}.Release|Any CPU.ActiveCfg = Release|Any CPU
		{B17135EB-3889-46F9-9498-E9FF4BBDF513}.Release|Any CPU.Build.0 = Release|Any CPU
		{8FD28E4A-A6AD-431E-9504-CF6CD950D74F}.Debug|Any CPU.ActiveCfg = Debug|Any CPU
		{8FD28E4A-A6AD-431E-9504-CF6CD950D74F}.Debug|Any CPU.Build.0 = Debug|Any CPU
		{8FD28E4A-A6AD-431E-9504-CF6CD950D74F}.Release|Any CPU.ActiveCfg = Release|Any CPU
		{8FD28E4A-A6AD-431E-9504-CF6CD950D74F}.Release|Any CPU.Build.0 = Release|Any CPU
		{5865EC63-1BBE-492D-9561-DF0B5FD2A695}.Debug|Any CPU.ActiveCfg = Debug|Any CPU
		{5865EC63-1BBE-492D-9561-DF0B5FD2A695}.Debug|Any CPU.Build.0 = Debug|Any CPU
		{5865EC63-1BBE-492D-9561-DF0B5FD2A695}.Release|Any CPU.ActiveCfg = Release|Any CPU
		{5865EC63-1BBE-492D-9561-DF0B5FD2A695}.Release|Any CPU.Build.0 = Release|Any CPU
		{797F7F67-09BA-46BA-AEF3-AD26E1B56594}.Debug|Any CPU.ActiveCfg = Debug|Any CPU
		{797F7F67-09BA-46BA-AEF3-AD26E1B56594}.Debug|Any CPU.Build.0 = Debug|Any CPU
		{797F7F67-09BA-46BA-AEF3-AD26E1B56594}.Release|Any CPU.ActiveCfg = Release|Any CPU
		{797F7F67-09BA-46BA-AEF3-AD26E1B56594}.Release|Any CPU.Build.0 = Release|Any CPU
		{85EF2284-4F04-44BC-BB7F-3FCAEC72C184}.Debug|Any CPU.ActiveCfg = Debug|Any CPU
		{85EF2284-4F04-44BC-BB7F-3FCAEC72C184}.Debug|Any CPU.Build.0 = Debug|Any CPU
		{85EF2284-4F04-44BC-BB7F-3FCAEC72C184}.Release|Any CPU.ActiveCfg = Release|Any CPU
		{85EF2284-4F04-44BC-BB7F-3FCAEC72C184}.Release|Any CPU.Build.0 = Release|Any CPU
		{81A8C785-59BF-4F1E-9CF2-C66C6A203AF1}.Debug|Any CPU.ActiveCfg = Debug|Any CPU
		{81A8C785-59BF-4F1E-9CF2-C66C6A203AF1}.Debug|Any CPU.Build.0 = Debug|Any CPU
		{81A8C785-59BF-4F1E-9CF2-C66C6A203AF1}.Release|Any CPU.ActiveCfg = Release|Any CPU
		{81A8C785-59BF-4F1E-9CF2-C66C6A203AF1}.Release|Any CPU.Build.0 = Release|Any CPU
		{F6C3772C-943D-4C14-AE03-FCAD13955A81}.Debug|Any CPU.ActiveCfg = Debug|Any CPU
		{F6C3772C-943D-4C14-AE03-FCAD13955A81}.Debug|Any CPU.Build.0 = Debug|Any CPU
		{F6C3772C-943D-4C14-AE03-FCAD13955A81}.Release|Any CPU.ActiveCfg = Release|Any CPU
		{F6C3772C-943D-4C14-AE03-FCAD13955A81}.Release|Any CPU.Build.0 = Release|Any CPU
		{5B9E0F76-1446-4D06-8193-FDBFBE8C2D61}.Debug|Any CPU.ActiveCfg = Debug|Any CPU
		{5B9E0F76-1446-4D06-8193-FDBFBE8C2D61}.Debug|Any CPU.Build.0 = Debug|Any CPU
		{5B9E0F76-1446-4D06-8193-FDBFBE8C2D61}.Release|Any CPU.ActiveCfg = Release|Any CPU
		{5B9E0F76-1446-4D06-8193-FDBFBE8C2D61}.Release|Any CPU.Build.0 = Release|Any CPU
		{20544CA5-AF7C-4C35-9DB5-5DA50D4FE525}.Debug|Any CPU.ActiveCfg = Debug|Any CPU
		{20544CA5-AF7C-4C35-9DB5-5DA50D4FE525}.Debug|Any CPU.Build.0 = Debug|Any CPU
		{20544CA5-AF7C-4C35-9DB5-5DA50D4FE525}.Release|Any CPU.ActiveCfg = Release|Any CPU
		{20544CA5-AF7C-4C35-9DB5-5DA50D4FE525}.Release|Any CPU.Build.0 = Release|Any CPU
		{7A4B4FBD-6D1B-4E5D-82E8-741C7130DA16}.Debug|Any CPU.ActiveCfg = Debug|Any CPU
		{7A4B4FBD-6D1B-4E5D-82E8-741C7130DA16}.Debug|Any CPU.Build.0 = Debug|Any CPU
		{7A4B4FBD-6D1B-4E5D-82E8-741C7130DA16}.Release|Any CPU.ActiveCfg = Release|Any CPU
		{7A4B4FBD-6D1B-4E5D-82E8-741C7130DA16}.Release|Any CPU.Build.0 = Release|Any CPU
		{7E86F2C4-EF0B-452D-93BF-D62CE4A16D80}.Debug|Any CPU.ActiveCfg = Debug|Any CPU
		{7E86F2C4-EF0B-452D-93BF-D62CE4A16D80}.Debug|Any CPU.Build.0 = Debug|Any CPU
		{7E86F2C4-EF0B-452D-93BF-D62CE4A16D80}.Release|Any CPU.ActiveCfg = Release|Any CPU
		{7E86F2C4-EF0B-452D-93BF-D62CE4A16D80}.Release|Any CPU.Build.0 = Release|Any CPU
		{1C8D1682-1576-4DD4-AA60-FDE6E542150B}.Debug|Any CPU.ActiveCfg = Debug|Any CPU
		{1C8D1682-1576-4DD4-AA60-FDE6E542150B}.Debug|Any CPU.Build.0 = Debug|Any CPU
		{1C8D1682-1576-4DD4-AA60-FDE6E542150B}.Release|Any CPU.ActiveCfg = Release|Any CPU
		{1C8D1682-1576-4DD4-AA60-FDE6E542150B}.Release|Any CPU.Build.0 = Release|Any CPU
		{01427CCD-6A2F-4343-9EBE-C12F7E12D1A6}.Debug|Any CPU.ActiveCfg = Debug|Any CPU
		{01427CCD-6A2F-4343-9EBE-C12F7E12D1A6}.Debug|Any CPU.Build.0 = Debug|Any CPU
		{01427CCD-6A2F-4343-9EBE-C12F7E12D1A6}.Release|Any CPU.ActiveCfg = Release|Any CPU
		{01427CCD-6A2F-4343-9EBE-C12F7E12D1A6}.Release|Any CPU.Build.0 = Release|Any CPU
		{CAD3A77C-7106-41A9-818B-2B07B0F1D672}.Debug|Any CPU.ActiveCfg = Debug|Any CPU
		{CAD3A77C-7106-41A9-818B-2B07B0F1D672}.Debug|Any CPU.Build.0 = Debug|Any CPU
		{CAD3A77C-7106-41A9-818B-2B07B0F1D672}.Release|Any CPU.ActiveCfg = Release|Any CPU
		{CAD3A77C-7106-41A9-818B-2B07B0F1D672}.Release|Any CPU.Build.0 = Release|Any CPU
		{4D28CF81-CE97-4F1F-BC4F-C4D3E7A1FD88}.Debug|Any CPU.ActiveCfg = Debug|Any CPU
		{4D28CF81-CE97-4F1F-BC4F-C4D3E7A1FD88}.Debug|Any CPU.Build.0 = Debug|Any CPU
		{4D28CF81-CE97-4F1F-BC4F-C4D3E7A1FD88}.Release|Any CPU.ActiveCfg = Release|Any CPU
		{4D28CF81-CE97-4F1F-BC4F-C4D3E7A1FD88}.Release|Any CPU.Build.0 = Release|Any CPU
		{F6661169-3F1C-484E-9413-981DA70B8F4F}.Debug|Any CPU.ActiveCfg = Debug|Any CPU
		{F6661169-3F1C-484E-9413-981DA70B8F4F}.Debug|Any CPU.Build.0 = Debug|Any CPU
		{F6661169-3F1C-484E-9413-981DA70B8F4F}.Release|Any CPU.ActiveCfg = Release|Any CPU
		{F6661169-3F1C-484E-9413-981DA70B8F4F}.Release|Any CPU.Build.0 = Release|Any CPU
		{8FE11484-29A5-46B9-929D-8E08C4548CE7}.Debug|Any CPU.ActiveCfg = Debug|Any CPU
		{8FE11484-29A5-46B9-929D-8E08C4548CE7}.Debug|Any CPU.Build.0 = Debug|Any CPU
		{8FE11484-29A5-46B9-929D-8E08C4548CE7}.Release|Any CPU.ActiveCfg = Release|Any CPU
		{8FE11484-29A5-46B9-929D-8E08C4548CE7}.Release|Any CPU.Build.0 = Release|Any CPU
		{4D9C89A5-D13D-4F68-B3E7-8E1532E1C98E}.Debug|Any CPU.ActiveCfg = Debug|Any CPU
		{4D9C89A5-D13D-4F68-B3E7-8E1532E1C98E}.Debug|Any CPU.Build.0 = Debug|Any CPU
		{4D9C89A5-D13D-4F68-B3E7-8E1532E1C98E}.Release|Any CPU.ActiveCfg = Release|Any CPU
		{4D9C89A5-D13D-4F68-B3E7-8E1532E1C98E}.Release|Any CPU.Build.0 = Release|Any CPU
		{FA244A75-8E2A-4850-8E5A-40EE93FD6E11}.Debug|Any CPU.ActiveCfg = Debug|Any CPU
		{FA244A75-8E2A-4850-8E5A-40EE93FD6E11}.Debug|Any CPU.Build.0 = Debug|Any CPU
		{FA244A75-8E2A-4850-8E5A-40EE93FD6E11}.Release|Any CPU.ActiveCfg = Release|Any CPU
		{FA244A75-8E2A-4850-8E5A-40EE93FD6E11}.Release|Any CPU.Build.0 = Release|Any CPU
		{7358AB19-0ED4-49C5-92F9-4DB070B92426}.Debug|Any CPU.ActiveCfg = Debug|Any CPU
		{7358AB19-0ED4-49C5-92F9-4DB070B92426}.Debug|Any CPU.Build.0 = Debug|Any CPU
		{7358AB19-0ED4-49C5-92F9-4DB070B92426}.Release|Any CPU.ActiveCfg = Release|Any CPU
		{7358AB19-0ED4-49C5-92F9-4DB070B92426}.Release|Any CPU.Build.0 = Release|Any CPU
	EndGlobalSection
	GlobalSection(SolutionProperties) = preSolution
		HideSolutionNode = FALSE
	EndGlobalSection
	GlobalSection(ExtensibilityGlobals) = postSolution
		SolutionGuid = {9AB7EA44-B6AF-460A-9DFC-8EE810970501}
	EndGlobalSection
EndGlobal
